
Microsoft Visual Studio Solution File, Format Version 12.00
# Visual Studio Version 17
VisualStudioVersion = 17.9.34616.47
MinimumVisualStudioVersion = 10.0.40219.1
Project("{FAE04EC0-301F-11D3-BF4B-00C04F79EFBC}") = "WpfApp2", "WpfApp2.csproj", "{C830CAE0-AF7F-4D3C-B9F2-F63DB1449EC0}"
EndProject
Global
	GlobalSection(SolutionConfigurationPlatforms) = preSolution
		Debug|Any CPU = Debug|Any CPU
		Release|Any CPU = Release|Any CPU
	EndGlobalSection
	GlobalSection(ProjectConfigurationPlatforms) = postSolution
		{C830CAE0-AF7F-4D3C-B9F2-F63DB1449EC0}.Debug|Any CPU.ActiveCfg = Debug|Any CPU
		{C830CAE0-AF7F-4D3C-B9F2-F63DB1449EC0}.Debug|Any CPU.Build.0 = Debug|Any CPU
		{C830CAE0-AF7F-4D3C-B9F2-F63DB1449EC0}.Release|Any CPU.ActiveCfg = Release|Any CPU
		{C830CAE0-AF7F-4D3C-B9F2-F63DB1449EC0}.Release|Any CPU.Build.0 = Release|Any CPU
	EndGlobalSection
	GlobalSection(SolutionProperties) = preSolution
		HideSolutionNode = FALSE
	EndGlobalSection
	GlobalSection(ExtensibilityGlobals) = postSolution
		SolutionGuid = {F4065066-99F2-46D9-B7B0-8CC233CAAC50}
	EndGlobalSection
EndGlobal
